// !$*UTF8*$!
{
	archiveVersion = 1;
	classes = {
	};
	objectVersion = 48;
	objects = {

/* Begin PBXBuildFile section */
		3BCE9A2F1F9F219F002DAFE2 /* AppDelegate.swift in Sources */ = {isa = PBXBuildFile; fileRef = 3BCE9A2E1F9F219F002DAFE2 /* AppDelegate.swift */; };
		3BCE9A311F9F219F002DAFE2 /* ViewController.swift in Sources */ = {isa = PBXBuildFile; fileRef = 3BCE9A301F9F219F002DAFE2 /* ViewController.swift */; };
		3BCE9A341F9F219F002DAFE2 /* Main.storyboard in Resources */ = {isa = PBXBuildFile; fileRef = 3BCE9A321F9F219F002DAFE2 /* Main.storyboard */; };
		3BCE9A361F9F219F002DAFE2 /* Assets.xcassets in Resources */ = {isa = PBXBuildFile; fileRef = 3BCE9A351F9F219F002DAFE2 /* Assets.xcassets */; };
		3BCE9A391F9F219F002DAFE2 /* LaunchScreen.storyboard in Resources */ = {isa = PBXBuildFile; fileRef = 3BCE9A371F9F219F002DAFE2 /* LaunchScreen.storyboard */; };
		3BCE9A441F9F219F002DAFE2 /* SwitchOnOffDisplayDataTests.swift in Sources */ = {isa = PBXBuildFile; fileRef = 3BCE9A431F9F219F002DAFE2 /* SwitchOnOffDisplayDataTests.swift */; };
/* End PBXBuildFile section */

/* Begin PBXContainerItemProxy section */
		3BCE9A401F9F219F002DAFE2 /* PBXContainerItemProxy */ = {
			isa = PBXContainerItemProxy;
			containerPortal = 3BCE9A231F9F219F002DAFE2 /* Project object */;
			proxyType = 1;
			remoteGlobalIDString = 3BCE9A2A1F9F219F002DAFE2;
			remoteInfo = SwitchOnOffDisplayData;
		};
/* End PBXContainerItemProxy section */

/* Begin PBXFileReference section */
		3BCE9A2B1F9F219F002DAFE2 /* SwitchOnOffDisplayData.app */ = {isa = PBXFileReference; explicitFileType = wrapper.application; includeInIndex = 0; path = SwitchOnOffDisplayData.app; sourceTree = BUILT_PRODUCTS_DIR; };
		3BCE9A2E1F9F219F002DAFE2 /* AppDelegate.swift */ = {isa = PBXFileReference; lastKnownFileType = sourcecode.swift; path = AppDelegate.swift; sourceTree = "<group>"; };
		3BCE9A301F9F219F002DAFE2 /* ViewController.swift */ = {isa = PBXFileReference; lastKnownFileType = sourcecode.swift; path = ViewController.swift; sourceTree = "<group>"; };
		3BCE9A331F9F219F002DAFE2 /* Base */ = {isa = PBXFileReference; lastKnownFileType = file.storyboard; name = Base; path = Base.lproj/Main.storyboard; sourceTree = "<group>"; };
		3BCE9A351F9F219F002DAFE2 /* Assets.xcassets */ = {isa = PBXFileReference; lastKnownFileType = folder.assetcatalog; path = Assets.xcassets; sourceTree = "<group>"; };
		3BCE9A381F9F219F002DAFE2 /* Base */ = {isa = PBXFileReference; lastKnownFileType = file.storyboard; name = Base; path = Base.lproj/LaunchScreen.storyboard; sourceTree = "<group>"; };
		3BCE9A3A1F9F219F002DAFE2 /* Info.plist */ = {isa = PBXFileReference; lastKnownFileType = text.plist.xml; path = Info.plist; sourceTree = "<group>"; };
		3BCE9A3F1F9F219F002DAFE2 /* SwitchOnOffDisplayDataTests.xctest */ = {isa = PBXFileReference; explicitFileType = wrapper.cfbundle; includeInIndex = 0; path = SwitchOnOffDisplayDataTests.xctest; sourceTree = BUILT_PRODUCTS_DIR; };
		3BCE9A431F9F219F002DAFE2 /* SwitchOnOffDisplayDataTests.swift */ = {isa = PBXFileReference; lastKnownFileType = sourcecode.swift; path = SwitchOnOffDisplayDataTests.swift; sourceTree = "<group>"; };
		3BCE9A451F9F219F002DAFE2 /* Info.plist */ = {isa = PBXFileReference; lastKnownFileType = text.plist.xml; path = Info.plist; sourceTree = "<group>"; };
/* End PBXFileReference section */

/* Begin PBXFrameworksBuildPhase section */
		3BCE9A281F9F219F002DAFE2 /* Frameworks */ = {
			isa = PBXFrameworksBuildPhase;
			buildActionMask = 2147483647;
			files = (
			);
			runOnlyForDeploymentPostprocessing = 0;
		};
		3BCE9A3C1F9F219F002DAFE2 /* Frameworks */ = {
			isa = PBXFrameworksBuildPhase;
			buildActionMask = 2147483647;
			files = (
			);
			runOnlyForDeploymentPostprocessing = 0;
		};
/* End PBXFrameworksBuildPhase section */

/* Begin PBXGroup section */
		3BCE9A221F9F219F002DAFE2 = {
			isa = PBXGroup;
			children = (
				3BCE9A2D1F9F219F002DAFE2 /* SwitchOnOffDisplayData */,
				3BCE9A421F9F219F002DAFE2 /* SwitchOnOffDisplayDataTests */,
				3BCE9A2C1F9F219F002DAFE2 /* Products */,
			);
			sourceTree = "<group>";
		};
		3BCE9A2C1F9F219F002DAFE2 /* Products */ = {
			isa = PBXGroup;
			children = (
				3BCE9A2B1F9F219F002DAFE2 /* SwitchOnOffDisplayData.app */,
				3BCE9A3F1F9F219F002DAFE2 /* SwitchOnOffDisplayDataTests.xctest */,
			);
			name = Products;
			sourceTree = "<group>";
		};
		3BCE9A2D1F9F219F002DAFE2 /* SwitchOnOffDisplayData */ = {
			isa = PBXGroup;
			children = (
				3BCE9A2E1F9F219F002DAFE2 /* AppDelegate.swift */,
				3BCE9A301F9F219F002DAFE2 /* ViewController.swift */,
				3BCE9A321F9F219F002DAFE2 /* Main.storyboard */,
				3BCE9A351F9F219F002DAFE2 /* Assets.xcassets */,
				3BCE9A371F9F219F002DAFE2 /* LaunchScreen.storyboard */,
				3BCE9A3A1F9F219F002DAFE2 /* Info.plist */,
			);
			path = SwitchOnOffDisplayData;
			sourceTree = "<group>";
		};
		3BCE9A421F9F219F002DAFE2 /* SwitchOnOffDisplayDataTests */ = {
			isa = PBXGroup;
			children = (
				3BCE9A431F9F219F002DAFE2 /* SwitchOnOffDisplayDataTests.swift */,
				3BCE9A451F9F219F002DAFE2 /* Info.plist */,
			);
			path = SwitchOnOffDisplayDataTests;
			sourceTree = "<group>";
		};
/* End PBXGroup section */

/* Begin PBXNativeTarget section */
		3BCE9A2A1F9F219F002DAFE2 /* SwitchOnOffDisplayData */ = {
			isa = PBXNativeTarget;
			buildConfigurationList = 3BCE9A481F9F219F002DAFE2 /* Build configuration list for PBXNativeTarget "SwitchOnOffDisplayData" */;
			buildPhases = (
				3BCE9A271F9F219F002DAFE2 /* Sources */,
				3BCE9A281F9F219F002DAFE2 /* Frameworks */,
				3BCE9A291F9F219F002DAFE2 /* Resources */,
			);
			buildRules = (
			);
			dependencies = (
			);
			name = SwitchOnOffDisplayData;
			productName = SwitchOnOffDisplayData;
			productReference = 3BCE9A2B1F9F219F002DAFE2 /* SwitchOnOffDisplayData.app */;
			productType = "com.apple.product-type.application";
		};
		3BCE9A3E1F9F219F002DAFE2 /* SwitchOnOffDisplayDataTests */ = {
			isa = PBXNativeTarget;
			buildConfigurationList = 3BCE9A4B1F9F219F002DAFE2 /* Build configuration list for PBXNativeTarget "SwitchOnOffDisplayDataTests" */;
			buildPhases = (
				3BCE9A3B1F9F219F002DAFE2 /* Sources */,
				3BCE9A3C1F9F219F002DAFE2 /* Frameworks */,
				3BCE9A3D1F9F219F002DAFE2 /* Resources */,
			);
			buildRules = (
			);
			dependencies = (
				3BCE9A411F9F219F002DAFE2 /* PBXTargetDependency */,
			);
			name = SwitchOnOffDisplayDataTests;
			productName = SwitchOnOffDisplayDataTests;
			productReference = 3BCE9A3F1F9F219F002DAFE2 /* SwitchOnOffDisplayDataTests.xctest */;
			productType = "com.apple.product-type.bundle.unit-test";
		};
/* End PBXNativeTarget section */

/* Begin PBXProject section */
		3BCE9A231F9F219F002DAFE2 /* Project object */ = {
			isa = PBXProject;
			attributes = {
				LastSwiftUpdateCheck = 0900;
				LastUpgradeCheck = 0900;
				ORGANIZATIONNAME = Luyen;
				TargetAttributes = {
					3BCE9A2A1F9F219F002DAFE2 = {
						CreatedOnToolsVersion = 9.0;
						ProvisioningStyle = Automatic;
					};
					3BCE9A3E1F9F219F002DAFE2 = {
						CreatedOnToolsVersion = 9.0;
						ProvisioningStyle = Automatic;
						TestTargetID = 3BCE9A2A1F9F219F002DAFE2;
					};
				};
			};
			buildConfigurationList = 3BCE9A261F9F219F002DAFE2 /* Build configuration list for PBXProject "SwitchOnOffDisplayData" */;
			compatibilityVersion = "Xcode 8.0";
			developmentRegion = en;
			hasScannedForEncodings = 0;
			knownRegions = (
				en,
				Base,
			);
			mainGroup = 3BCE9A221F9F219F002DAFE2;
			productRefGroup = 3BCE9A2C1F9F219F002DAFE2 /* Products */;
			projectDirPath = "";
			projectRoot = "";
			targets = (
				3BCE9A2A1F9F219F002DAFE2 /* SwitchOnOffDisplayData */,
				3BCE9A3E1F9F219F002DAFE2 /* SwitchOnOffDisplayDataTests */,
			);
		};
/* End PBXProject section */

/* Begin PBXResourcesBuildPhase section */
		3BCE9A291F9F219F002DAFE2 /* Resources */ = {
			isa = PBXResourcesBuildPhase;
			buildActionMask = 2147483647;
			files = (
				3BCE9A391F9F219F002DAFE2 /* LaunchScreen.storyboard in Resources */,
				3BCE9A361F9F219F002DAFE2 /* Assets.xcassets in Resources */,
				3BCE9A341F9F219F002DAFE2 /* Main.storyboard in Resources */,
			);
			runOnlyForDeploymentPostprocessing = 0;
		};
		3BCE9A3D1F9F219F002DAFE2 /* Resources */ = {
			isa = PBXResourcesBuildPhase;
			buildActionMask = 2147483647;
			files = (
			);
			runOnlyForDeploymentPostprocessing = 0;
		};
/* End PBXResourcesBuildPhase section */

/* Begin PBXSourcesBuildPhase section */
		3BCE9A271F9F219F002DAFE2 /* Sources */ = {
			isa = PBXSourcesBuildPhase;
			buildActionMask = 2147483647;
			files = (
				3BCE9A311F9F219F002DAFE2 /* ViewController.swift in Sources */,
				3BCE9A2F1F9F219F002DAFE2 /* AppDelegate.swift in Sources */,
			);
			runOnlyForDeploymentPostprocessing = 0;
		};
		3BCE9A3B1F9F219F002DAFE2 /* Sources */ = {
			isa = PBXSourcesBuildPhase;
			buildActionMask = 2147483647;
			files = (
				3BCE9A441F9F219F002DAFE2 /* SwitchOnOffDisplayDataTests.swift in Sources */,
			);
			runOnlyForDeploymentPostprocessing = 0;
		};
/* End PBXSourcesBuildPhase section */

/* Begin PBXTargetDependency section */
		3BCE9A411F9F219F002DAFE2 /* PBXTargetDependency */ = {
			isa = PBXTargetDependency;
			target = 3BCE9A2A1F9F219F002DAFE2 /* SwitchOnOffDisplayData */;
			targetProxy = 3BCE9A401F9F219F002DAFE2 /* PBXContainerItemProxy */;
		};
/* End PBXTargetDependency section */

/* Begin PBXVariantGroup section */
		3BCE9A321F9F219F002DAFE2 /* Main.storyboard */ = {
			isa = PBXVariantGroup;
			children = (
				3BCE9A331F9F219F002DAFE2 /* Base */,
			);
			name = Main.storyboard;
			sourceTree = "<group>";
		};
		3BCE9A371F9F219F002DAFE2 /* LaunchScreen.storyboard */ = {
			isa = PBXVariantGroup;
			children = (
				3BCE9A381F9F219F002DAFE2 /* Base */,
			);
			name = LaunchScreen.storyboard;
			sourceTree = "<group>";
		};
/* End PBXVariantGroup section */

/* Begin XCBuildConfiguration section */
		3BCE9A461F9F219F002DAFE2 /* Debug */ = {
			isa = XCBuildConfiguration;
			buildSettings = {
				ALWAYS_SEARCH_USER_PATHS = NO;
				CLANG_ANALYZER_NONNULL = YES;
				CLANG_ANALYZER_NUMBER_OBJECT_CONVERSION = YES_AGGRESSIVE;
				CLANG_CXX_LANGUAGE_STANDARD = "gnu++14";
				CLANG_CXX_LIBRARY = "libc++";
				CLANG_ENABLE_MODULES = YES;
				CLANG_ENABLE_OBJC_ARC = YES;
				CLANG_WARN_BLOCK_CAPTURE_AUTORELEASING = YES;
				CLANG_WARN_BOOL_CONVERSION = YES;
				CLANG_WARN_COMMA = YES;
				CLANG_WARN_CONSTANT_CONVERSION = YES;
				CLANG_WARN_DIRECT_OBJC_ISA_USAGE = YES_ERROR;
				CLANG_WARN_DOCUMENTATION_COMMENTS = YES;
				CLANG_WARN_EMPTY_BODY = YES;
				CLANG_WARN_ENUM_CONVERSION = YES;
				CLANG_WARN_INFINITE_RECURSION = YES;
				CLANG_WARN_INT_CONVERSION = YES;
				CLANG_WARN_NON_LITERAL_NULL_CONVERSION = YES;
				CLANG_WARN_OBJC_LITERAL_CONVERSION = YES;
				CLANG_WARN_OBJC_ROOT_CLASS = YES_ERROR;
				CLANG_WARN_RANGE_LOOP_ANALYSIS = YES;
				CLANG_WARN_STRICT_PROTOTYPES = YES;
				CLANG_WARN_SUSPICIOUS_MOVE = YES;
				CLANG_WARN_UNGUARDED_AVAILABILITY = YES_AGGRESSIVE;
				CLANG_WARN_UNREACHABLE_CODE = YES;
				CLANG_WARN__DUPLICATE_METHOD_MATCH = YES;
				CODE_SIGN_IDENTITY = "iPhone Developer";
				COPY_PHASE_STRIP = NO;
				DEBUG_INFORMATION_FORMAT = dwarf;
				ENABLE_STRICT_OBJC_MSGSEND = YES;
				ENABLE_TESTABILITY = YES;
				GCC_C_LANGUAGE_STANDARD = gnu11;
				GCC_DYNAMIC_NO_PIC = NO;
				GCC_NO_COMMON_BLOCKS = YES;
				GCC_OPTIMIZATION_LEVEL = 0;
				GCC_PREPROCESSOR_DEFINITIONS = (
					"DEBUG=1",
					"$(inherited)",
				);
				GCC_WARN_64_TO_32_BIT_CONVERSION = YES;
				GCC_WARN_ABOUT_RETURN_TYPE = YES_ERROR;
				GCC_WARN_UNDECLARED_SELECTOR = YES;
				GCC_WARN_UNINITIALIZED_AUTOS = YES_AGGRESSIVE;
				GCC_WARN_UNUSED_FUNCTION = YES;
				GCC_WARN_UNUSED_VARIABLE = YES;
				IPHONEOS_DEPLOYMENT_TARGET = 11.0;
				MTL_ENABLE_DEBUG_INFO = YES;
				ONLY_ACTIVE_ARCH = YES;
				SDKROOT = iphoneos;
				SWIFT_ACTIVE_COMPILATION_CONDITIONS = DEBUG;
				SWIFT_OPTIMIZATION_LEVEL = "-Onone";
			};
			name = Debug;
		};
		3BCE9A471F9F219F002DAFE2 /* Release */ = {
			isa = XCBuildConfiguration;
			buildSettings = {
				ALWAYS_SEARCH_USER_PATHS = NO;
				CLANG_ANALYZER_NONNULL = YES;
				CLANG_ANALYZER_NUMBER_OBJECT_CONVERSION = YES_AGGRESSIVE;
				CLANG_CXX_LANGUAGE_STANDARD = "gnu++14";
				CLANG_CXX_LIBRARY = "libc++";
				CLANG_ENABLE_MODULES = YES;
				CLANG_ENABLE_OBJC_ARC = YES;
				CLANG_WARN_BLOCK_CAPTURE_AUTORELEASING = YES;
				CLANG_WARN_BOOL_CONVERSION = YES;
				CLANG_WARN_COMMA = YES;
				CLANG_WARN_CONSTANT_CONVERSION = YES;
				CLANG_WARN_DIRECT_OBJC_ISA_USAGE = YES_ERROR;
				CLANG_WARN_DOCUMENTATION_COMMENTS = YES;
				CLANG_WARN_EMPTY_BODY = YES;
				CLANG_WARN_ENUM_CONVERSION = YES;
				CLANG_WARN_INFINITE_RECURSION = YES;
				CLANG_WARN_INT_CONVERSION = YES;
				CLANG_WARN_NON_LITERAL_NULL_CONVERSION = YES;
				CLANG_WARN_OBJC_LITERAL_CONVERSION = YES;
				CLANG_WARN_OBJC_ROOT_CLASS = YES_ERROR;
				CLANG_WARN_RANGE_LOOP_ANALYSIS = YES;
				CLANG_WARN_STRICT_PROTOTYPES = YES;
				CLANG_WARN_SUSPICIOUS_MOVE = YES;
				CLANG_WARN_UNGUARDED_AVAILABILITY = YES_AGGRESSIVE;
				CLANG_WARN_UNREACHABLE_CODE = YES;
				CLANG_WARN__DUPLICATE_METHOD_MATCH = YES;
				CODE_SIGN_IDENTITY = "iPhone Developer";
				COPY_PHASE_STRIP = NO;
				DEBUG_INFORMATION_FORMAT = "dwarf-with-dsym";
				ENABLE_NS_ASSERTIONS = NO;
				ENABLE_STRICT_OBJC_MSGSEND = YES;
				GCC_C_LANGUAGE_STANDARD = gnu11;
				GCC_NO_COMMON_BLOCKS = YES;
				GCC_WARN_64_TO_32_BIT_CONVERSION = YES;
				GCC_WARN_ABOUT_RETURN_TYPE = YES_ERROR;
				GCC_WARN_UNDECLARED_SELECTOR = YES;
				GCC_WARN_UNINITIALIZED_AUTOS = YES_AGGRESSIVE;
				GCC_WARN_UNUSED_FUNCTION = YES;
				GCC_WARN_UNUSED_VARIABLE = YES;
				IPHONEOS_DEPLOYMENT_TARGET = 11.0;
				MTL_ENABLE_DEBUG_INFO = NO;
				SDKROOT = iphoneos;
				SWIFT_OPTIMIZATION_LEVEL = "-Owholemodule";
				VALIDATE_PRODUCT = YES;
			};
			name = Release;
		};
		3BCE9A491F9F219F002DAFE2 /* Debug */ = {
			isa = XCBuildConfiguration;
			buildSettings = {
				ASSETCATALOG_COMPILER_APPICON_NAME = AppIcon;
				CODE_SIGN_STYLE = Automatic;
				INFOPLIST_FILE = SwitchOnOffDisplayData/Info.plist;
				LD_RUNPATH_SEARCH_PATHS = "$(inherited) @executable_path/Frameworks";
				PRODUCT_BUNDLE_IDENTIFIER = luyen.SwitchOnOffDisplayData;
				PRODUCT_NAME = "$(TARGET_NAME)";
				SWIFT_VERSION = 4.0;
				TARGETED_DEVICE_FAMILY = "1,2";
			};
			name = Debug;
		};
		3BCE9A4A1F9F219F002DAFE2 /* Release */ = {
			isa = XCBuildConfiguration;
			buildSettings = {
				ASSETCATALOG_COMPILER_APPICON_NAME = AppIcon;
				CODE_SIGN_STYLE = Automatic;
				INFOPLIST_FILE = SwitchOnOffDisplayData/Info.plist;
				LD_RUNPATH_SEARCH_PATHS = "$(inherited) @executable_path/Frameworks";
				PRODUCT_BUNDLE_IDENTIFIER = luyen.SwitchOnOffDisplayData;
				PRODUCT_NAME = "$(TARGET_NAME)";
				SWIFT_VERSION = 4.0;
				TARGETED_DEVICE_FAMILY = "1,2";
			};
			name = Release;
		};
		3BCE9A4C1F9F219F002DAFE2 /* Debug */ = {
			isa = XCBuildConfiguration;
			buildSettings = {
				ALWAYS_EMBED_SWIFT_STANDARD_LIBRARIES = YES;
				BUNDLE_LOADER = "$(TEST_HOST)";
				CODE_SIGN_STYLE = Automatic;
				INFOPLIST_FILE = SwitchOnOffDisplayDataTests/Info.plist;
				LD_RUNPATH_SEARCH_PATHS = "$(inherited) @executable_path/Frameworks @loader_path/Frameworks";
				PRODUCT_BUNDLE_IDENTIFIER = luyen.SwitchOnOffDisplayDataTests;
				PRODUCT_NAME = "$(TARGET_NAME)";
				SWIFT_VERSION = 4.0;
				TARGETED_DEVICE_FAMILY = "1,2";
				TEST_HOST = "$(BUILT_PRODUCTS_DIR)/SwitchOnOffDisplayData.app/SwitchOnOffDisplayData";
			};
			name = Debug;
		};
		3BCE9A4D1F9F219F002DAFE2 /* Release */ = {
			isa = XCBuildConfiguration;
			buildSettings = {
				ALWAYS_EMBED_SWIFT_STANDARD_LIBRARIES = YES;
				BUNDLE_LOADER = "$(TEST_HOST)";
				CODE_SIGN_STYLE = Automatic;
				INFOPLIST_FILE = SwitchOnOffDisplayDataTests/Info.plist;
				LD_RUNPATH_SEARCH_PATHS = "$(inherited) @executable_path/Frameworks @loader_path/Frameworks";
				PRODUCT_BUNDLE_IDENTIFIER = luyen.SwitchOnOffDisplayDataTests;
				PRODUCT_NAME = "$(TARGET_NAME)";
				SWIFT_VERSION = 4.0;
				TARGETED_DEVICE_FAMILY = "1,2";
				TEST_HOST = "$(BUILT_PRODUCTS_DIR)/SwitchOnOffDisplayData.app/SwitchOnOffDisplayData";
			};
			name = Release;
		};
/* End XCBuildConfiguration section */

/* Begin XCConfigurationList section */
		3BCE9A261F9F219F002DAFE2 /* Build configuration list for PBXProject "SwitchOnOffDisplayData" */ = {
			isa = XCConfigurationList;
			buildConfigurations = (
				3BCE9A461F9F219F002DAFE2 /* Debug */,
				3BCE9A471F9F219F002DAFE2 /* Release */,
			);
			defaultConfigurationIsVisible = 0;
			defaultConfigurationName = Release;
		};
		3BCE9A481F9F219F002DAFE2 /* Build configuration list for PBXNativeTarget "SwitchOnOffDisplayData" */ = {
			isa = XCConfigurationList;
			buildConfigurations = (
				3BCE9A491F9F219F002DAFE2 /* Debug */,
				3BCE9A4A1F9F219F002DAFE2 /* Release */,
			);
			defaultConfigurationIsVisible = 0;
			defaultConfigurationName = Release;
		};
		3BCE9A4B1F9F219F002DAFE2 /* Build configuration list for PBXNativeTarget "SwitchOnOffDisplayDataTests" */ = {
			isa = XCConfigurationList;
			buildConfigurations = (
				3BCE9A4C1F9F219F002DAFE2 /* Debug */,
				3BCE9A4D1F9F219F002DAFE2 /* Release */,
			);
			defaultConfigurationIsVisible = 0;
			defaultConfigurationName = Release;
		};
/* End XCConfigurationList section */
	};
	rootObject = 3BCE9A231F9F219F002DAFE2 /* Project object */;
}
